// !$*UTF8*$!
{
	archiveVersion = 1;
	classes = {
	};
	objectVersion = 56;
	objects = {

/* Begin PBXBuildFile section */
		6E340F0029CDE49800C4E00B /* WeatherView.swift in Sources */ = {isa = PBXBuildFile; fileRef = 6E340EFF29CDE49800C4E00B /* WeatherView.swift */; };
		6E340F0229CDE4AD00C4E00B /* WeatherViewController.swift in Sources */ = {isa = PBXBuildFile; fileRef = 6E340F0129CDE4AD00C4E00B /* WeatherViewController.swift */; };
		6E340F0529CDE88F00C4E00B /* Network.swift in Sources */ = {isa = PBXBuildFile; fileRef = 6E340F0429CDE88F00C4E00B /* Network.swift */; };
		6E340F0729CDE8BA00C4E00B /* NetworkProtocol.swift in Sources */ = {isa = PBXBuildFile; fileRef = 6E340F0629CDE8BA00C4E00B /* NetworkProtocol.swift */; };
		6E340F0929CDE8DF00C4E00B /* RouterProtocol.swift in Sources */ = {isa = PBXBuildFile; fileRef = 6E340F0829CDE8DF00C4E00B /* RouterProtocol.swift */; };
		6E340F0B29CDE91700C4E00B /* WeatherRouter.swift in Sources */ = {isa = PBXBuildFile; fileRef = 6E340F0A29CDE91700C4E00B /* WeatherRouter.swift */; };
		6E340F0D29CDE94B00C4E00B /* WeatherServiceProtocol.swift in Sources */ = {isa = PBXBuildFile; fileRef = 6E340F0C29CDE94B00C4E00B /* WeatherServiceProtocol.swift */; };
		6E340F0F29CDE9A900C4E00B /* WeatherStructure.swift in Sources */ = {isa = PBXBuildFile; fileRef = 6E340F0E29CDE9A900C4E00B /* WeatherStructure.swift */; };
		6E340F1129CDEAE700C4E00B /* ErrorType.swift in Sources */ = {isa = PBXBuildFile; fileRef = 6E340F1029CDEAE700C4E00B /* ErrorType.swift */; };
		6E340F1429CDECBA00C4E00B /* WeatherService.swift in Sources */ = {isa = PBXBuildFile; fileRef = 6E340F1329CDECBA00C4E00B /* WeatherService.swift */; };
		6E5BA29B29CF7B2C00539249 /* CoreDataStack.swift in Sources */ = {isa = PBXBuildFile; fileRef = 6E5BA29A29CF7B2C00539249 /* CoreDataStack.swift */; };
		6E5BA29D29CF7B8A00539249 /* CarazCoreDataManager.swift in Sources */ = {isa = PBXBuildFile; fileRef = 6E5BA29C29CF7B8A00539249 /* CarazCoreDataManager.swift */; };
		6EA6D1A629CF8FC500E15C6A /* SegueIdentifier.swift in Sources */ = {isa = PBXBuildFile; fileRef = 6EA6D1A529CF8FC500E15C6A /* SegueIdentifier.swift */; };
		6EA6D1A829CF9E9500E15C6A /* MapViewController.swift in Sources */ = {isa = PBXBuildFile; fileRef = 6EA6D1A729CF9E9500E15C6A /* MapViewController.swift */; };
		6EEE4F5F29CE4E69004A072C /* WeatherListId.swift in Sources */ = {isa = PBXBuildFile; fileRef = 6EEE4F5E29CE4E69004A072C /* WeatherListId.swift */; };
		6EEE4F6329CEF55B004A072C /* city-list-FR.json in Resources */ = {isa = PBXBuildFile; fileRef = 6EEE4F6229CEF55B004A072C /* city-list-FR.json */; };
		6EF9E00C29CC4548008353D8 /* AppDelegate.swift in Sources */ = {isa = PBXBuildFile; fileRef = 6EF9E00B29CC4548008353D8 /* AppDelegate.swift */; };
		6EF9E00E29CC4548008353D8 /* SceneDelegate.swift in Sources */ = {isa = PBXBuildFile; fileRef = 6EF9E00D29CC4548008353D8 /* SceneDelegate.swift */; };
		6EF9E01329CC4548008353D8 /* Main.storyboard in Resources */ = {isa = PBXBuildFile; fileRef = 6EF9E01129CC4548008353D8 /* Main.storyboard */; };
		6EF9E01629CC4548008353D8 /* Caraz.xcdatamodeld in Sources */ = {isa = PBXBuildFile; fileRef = 6EF9E01429CC4548008353D8 /* Caraz.xcdatamodeld */; };
		6EF9E01829CC454F008353D8 /* Assets.xcassets in Resources */ = {isa = PBXBuildFile; fileRef = 6EF9E01729CC454F008353D8 /* Assets.xcassets */; };
		6EF9E01B29CC454F008353D8 /* LaunchScreen.storyboard in Resources */ = {isa = PBXBuildFile; fileRef = 6EF9E01929CC454F008353D8 /* LaunchScreen.storyboard */; };
		6EF9E02629CC4550008353D8 /* CarazTests.swift in Sources */ = {isa = PBXBuildFile; fileRef = 6EF9E02529CC4550008353D8 /* CarazTests.swift */; };
		6EF9E03029CC4550008353D8 /* CarazUITests.swift in Sources */ = {isa = PBXBuildFile; fileRef = 6EF9E02F29CC4550008353D8 /* CarazUITests.swift */; };
		6EF9E03229CC4550008353D8 /* CarazUITestsLaunchTests.swift in Sources */ = {isa = PBXBuildFile; fileRef = 6EF9E03129CC4550008353D8 /* CarazUITestsLaunchTests.swift */; };
		6EF9E03F29CC45EF008353D8 /* GarageViewController.swift in Sources */ = {isa = PBXBuildFile; fileRef = 6EF9E03E29CC45EF008353D8 /* GarageViewController.swift */; };
		6EF9E04429CDB2E4008353D8 /* GarageView.swift in Sources */ = {isa = PBXBuildFile; fileRef = 6EF9E04329CDB2E4008353D8 /* GarageView.swift */; };
		6EF9E04729CDB813008353D8 /* Texts.swift in Sources */ = {isa = PBXBuildFile; fileRef = 6EF9E04629CDB813008353D8 /* Texts.swift */; };
		6EF9E04A29CDBFC0008353D8 /* CarUI.swift in Sources */ = {isa = PBXBuildFile; fileRef = 6EF9E04929CDBFC0008353D8 /* CarUI.swift */; };
/* End PBXBuildFile section */

/* Begin PBXContainerItemProxy section */
		6EF9E02229CC4550008353D8 /* PBXContainerItemProxy */ = {
			isa = PBXContainerItemProxy;
			containerPortal = 6EF9E00029CC4548008353D8 /* Project object */;
			proxyType = 1;
			remoteGlobalIDString = 6EF9E00729CC4548008353D8;
			remoteInfo = Caraz;
		};
		6EF9E02C29CC4550008353D8 /* PBXContainerItemProxy */ = {
			isa = PBXContainerItemProxy;
			containerPortal = 6EF9E00029CC4548008353D8 /* Project object */;
			proxyType = 1;
			remoteGlobalIDString = 6EF9E00729CC4548008353D8;
			remoteInfo = Caraz;
		};
/* End PBXContainerItemProxy section */

/* Begin PBXFileReference section */
		6E340EFF29CDE49800C4E00B /* WeatherView.swift */ = {isa = PBXFileReference; lastKnownFileType = sourcecode.swift; path = WeatherView.swift; sourceTree = "<group>"; };
		6E340F0129CDE4AD00C4E00B /* WeatherViewController.swift */ = {isa = PBXFileReference; lastKnownFileType = sourcecode.swift; path = WeatherViewController.swift; sourceTree = "<group>"; };
		6E340F0429CDE88F00C4E00B /* Network.swift */ = {isa = PBXFileReference; lastKnownFileType = sourcecode.swift; path = Network.swift; sourceTree = "<group>"; };
		6E340F0629CDE8BA00C4E00B /* NetworkProtocol.swift */ = {isa = PBXFileReference; lastKnownFileType = sourcecode.swift; path = NetworkProtocol.swift; sourceTree = "<group>"; };
		6E340F0829CDE8DF00C4E00B /* RouterProtocol.swift */ = {isa = PBXFileReference; lastKnownFileType = sourcecode.swift; path = RouterProtocol.swift; sourceTree = "<group>"; };
		6E340F0A29CDE91700C4E00B /* WeatherRouter.swift */ = {isa = PBXFileReference; lastKnownFileType = sourcecode.swift; path = WeatherRouter.swift; sourceTree = "<group>"; };
		6E340F0C29CDE94B00C4E00B /* WeatherServiceProtocol.swift */ = {isa = PBXFileReference; lastKnownFileType = sourcecode.swift; path = WeatherServiceProtocol.swift; sourceTree = "<group>"; };
		6E340F0E29CDE9A900C4E00B /* WeatherStructure.swift */ = {isa = PBXFileReference; lastKnownFileType = sourcecode.swift; path = WeatherStructure.swift; sourceTree = "<group>"; };
		6E340F1029CDEAE700C4E00B /* ErrorType.swift */ = {isa = PBXFileReference; lastKnownFileType = sourcecode.swift; path = ErrorType.swift; sourceTree = "<group>"; };
		6E340F1329CDECBA00C4E00B /* WeatherService.swift */ = {isa = PBXFileReference; lastKnownFileType = sourcecode.swift; path = WeatherService.swift; sourceTree = "<group>"; };
		6E5BA29A29CF7B2C00539249 /* CoreDataStack.swift */ = {isa = PBXFileReference; lastKnownFileType = sourcecode.swift; path = CoreDataStack.swift; sourceTree = "<group>"; };
		6E5BA29C29CF7B8A00539249 /* CarazCoreDataManager.swift */ = {isa = PBXFileReference; lastKnownFileType = sourcecode.swift; path = CarazCoreDataManager.swift; sourceTree = "<group>"; };
		6EA6D1A529CF8FC500E15C6A /* SegueIdentifier.swift */ = {isa = PBXFileReference; lastKnownFileType = sourcecode.swift; path = SegueIdentifier.swift; sourceTree = "<group>"; };
		6EA6D1A729CF9E9500E15C6A /* MapViewController.swift */ = {isa = PBXFileReference; lastKnownFileType = sourcecode.swift; path = MapViewController.swift; sourceTree = "<group>"; };
		6EEE4F5E29CE4E69004A072C /* WeatherListId.swift */ = {isa = PBXFileReference; lastKnownFileType = sourcecode.swift; path = WeatherListId.swift; sourceTree = "<group>"; };
		6EEE4F6229CEF55B004A072C /* city-list-FR.json */ = {isa = PBXFileReference; fileEncoding = 4; lastKnownFileType = text.json; name = "city-list-FR.json"; path = "../../../../open-classroom/mini-code/city-list-FR.json"; sourceTree = "<group>"; };
		6EF9E00829CC4548008353D8 /* Caraz.app */ = {isa = PBXFileReference; explicitFileType = wrapper.application; includeInIndex = 0; path = Caraz.app; sourceTree = BUILT_PRODUCTS_DIR; };
		6EF9E00B29CC4548008353D8 /* AppDelegate.swift */ = {isa = PBXFileReference; lastKnownFileType = sourcecode.swift; path = AppDelegate.swift; sourceTree = "<group>"; };
		6EF9E00D29CC4548008353D8 /* SceneDelegate.swift */ = {isa = PBXFileReference; lastKnownFileType = sourcecode.swift; path = SceneDelegate.swift; sourceTree = "<group>"; };
		6EF9E01229CC4548008353D8 /* Base */ = {isa = PBXFileReference; lastKnownFileType = file.storyboard; name = Base; path = Base.lproj/Main.storyboard; sourceTree = "<group>"; };
		6EF9E01529CC4548008353D8 /* Caraz.xcdatamodel */ = {isa = PBXFileReference; lastKnownFileType = wrapper.xcdatamodel; path = Caraz.xcdatamodel; sourceTree = "<group>"; };
		6EF9E01729CC454F008353D8 /* Assets.xcassets */ = {isa = PBXFileReference; lastKnownFileType = folder.assetcatalog; path = Assets.xcassets; sourceTree = "<group>"; };
		6EF9E01A29CC454F008353D8 /* Base */ = {isa = PBXFileReference; lastKnownFileType = file.storyboard; name = Base; path = Base.lproj/LaunchScreen.storyboard; sourceTree = "<group>"; };
		6EF9E01C29CC454F008353D8 /* Info.plist */ = {isa = PBXFileReference; lastKnownFileType = text.plist.xml; path = Info.plist; sourceTree = "<group>"; };
		6EF9E02129CC4550008353D8 /* CarazTests.xctest */ = {isa = PBXFileReference; explicitFileType = wrapper.cfbundle; includeInIndex = 0; path = CarazTests.xctest; sourceTree = BUILT_PRODUCTS_DIR; };
		6EF9E02529CC4550008353D8 /* CarazTests.swift */ = {isa = PBXFileReference; lastKnownFileType = sourcecode.swift; path = CarazTests.swift; sourceTree = "<group>"; };
		6EF9E02B29CC4550008353D8 /* CarazUITests.xctest */ = {isa = PBXFileReference; explicitFileType = wrapper.cfbundle; includeInIndex = 0; path = CarazUITests.xctest; sourceTree = BUILT_PRODUCTS_DIR; };
		6EF9E02F29CC4550008353D8 /* CarazUITests.swift */ = {isa = PBXFileReference; lastKnownFileType = sourcecode.swift; path = CarazUITests.swift; sourceTree = "<group>"; };
		6EF9E03129CC4550008353D8 /* CarazUITestsLaunchTests.swift */ = {isa = PBXFileReference; lastKnownFileType = sourcecode.swift; path = CarazUITestsLaunchTests.swift; sourceTree = "<group>"; };
		6EF9E03E29CC45EF008353D8 /* GarageViewController.swift */ = {isa = PBXFileReference; lastKnownFileType = sourcecode.swift; path = GarageViewController.swift; sourceTree = "<group>"; };
		6EF9E04329CDB2E4008353D8 /* GarageView.swift */ = {isa = PBXFileReference; lastKnownFileType = sourcecode.swift; path = GarageView.swift; sourceTree = "<group>"; };
		6EF9E04629CDB813008353D8 /* Texts.swift */ = {isa = PBXFileReference; lastKnownFileType = sourcecode.swift; path = Texts.swift; sourceTree = "<group>"; };
		6EF9E04929CDBFC0008353D8 /* CarUI.swift */ = {isa = PBXFileReference; lastKnownFileType = sourcecode.swift; path = CarUI.swift; sourceTree = "<group>"; };
/* End PBXFileReference section */

/* Begin PBXFrameworksBuildPhase section */
		6EF9E00529CC4548008353D8 /* Frameworks */ = {
			isa = PBXFrameworksBuildPhase;
			buildActionMask = 2147483647;
			files = (
			);
			runOnlyForDeploymentPostprocessing = 0;
		};
		6EF9E01E29CC4550008353D8 /* Frameworks */ = {
			isa = PBXFrameworksBuildPhase;
			buildActionMask = 2147483647;
			files = (
			);
			runOnlyForDeploymentPostprocessing = 0;
		};
		6EF9E02829CC4550008353D8 /* Frameworks */ = {
			isa = PBXFrameworksBuildPhase;
			buildActionMask = 2147483647;
			files = (
			);
			runOnlyForDeploymentPostprocessing = 0;
		};
/* End PBXFrameworksBuildPhase section */

/* Begin PBXGroup section */
		6E340EFE29CDE47200C4E00B /* Weather */ = {
			isa = PBXGroup;
			children = (
				6E340EFF29CDE49800C4E00B /* WeatherView.swift */,
				6E340F0129CDE4AD00C4E00B /* WeatherViewController.swift */,
			);
			path = Weather;
			sourceTree = "<group>";
		};
		6E340F0329CDE87200C4E00B /* Network */ = {
			isa = PBXGroup;
			children = (
				6E340F0429CDE88F00C4E00B /* Network.swift */,
				6E340F0629CDE8BA00C4E00B /* NetworkProtocol.swift */,
				6E340F0829CDE8DF00C4E00B /* RouterProtocol.swift */,
				6E340F0A29CDE91700C4E00B /* WeatherRouter.swift */,
				6E340F0C29CDE94B00C4E00B /* WeatherServiceProtocol.swift */,
			);
			path = Network;
			sourceTree = "<group>";
		};
		6E340F1229CDEC9C00C4E00B /* Service */ = {
			isa = PBXGroup;
			children = (
				6E340F1329CDECBA00C4E00B /* WeatherService.swift */,
			);
			path = Service;
			sourceTree = "<group>";
		};
		6E5BA29929CF7AFC00539249 /* CoreData */ = {
			isa = PBXGroup;
			children = (
				6EF9E01429CC4548008353D8 /* Caraz.xcdatamodeld */,
				6E5BA29A29CF7B2C00539249 /* CoreDataStack.swift */,
				6E5BA29C29CF7B8A00539249 /* CarazCoreDataManager.swift */,
			);
			path = CoreData;
			sourceTree = "<group>";
		};
		6EF9DFFF29CC4548008353D8 = {
			isa = PBXGroup;
			children = (
				6EF9E00A29CC4548008353D8 /* Caraz */,
				6EF9E02429CC4550008353D8 /* CarazTests */,
				6EF9E02E29CC4550008353D8 /* CarazUITests */,
				6EF9E00929CC4548008353D8 /* Products */,
			);
			sourceTree = "<group>";
		};
		6EF9E00929CC4548008353D8 /* Products */ = {
			isa = PBXGroup;
			children = (
				6EF9E00829CC4548008353D8 /* Caraz.app */,
				6EF9E02129CC4550008353D8 /* CarazTests.xctest */,
				6EF9E02B29CC4550008353D8 /* CarazUITests.xctest */,
			);
			name = Products;
			sourceTree = "<group>";
		};
		6EF9E00A29CC4548008353D8 /* Caraz */ = {
			isa = PBXGroup;
			children = (
				6EF9E04529CDB7FE008353D8 /* Core */,
				6EF9E04229CDB2C2008353D8 /* Garage */,
				6EF9E04029CC5A32008353D8 /* Map */,
				6E340EFE29CDE47200C4E00B /* Weather */,
				6EF9E00B29CC4548008353D8 /* AppDelegate.swift */,
				6EF9E00D29CC4548008353D8 /* SceneDelegate.swift */,
				6EF9E01129CC4548008353D8 /* Main.storyboard */,
				6EF9E01729CC454F008353D8 /* Assets.xcassets */,
				6EF9E01929CC454F008353D8 /* LaunchScreen.storyboard */,
				6EF9E01C29CC454F008353D8 /* Info.plist */,
			);
			path = Caraz;
			sourceTree = "<group>";
		};
		6EF9E02429CC4550008353D8 /* CarazTests */ = {
			isa = PBXGroup;
			children = (
				6EF9E02529CC4550008353D8 /* CarazTests.swift */,
			);
			path = CarazTests;
			sourceTree = "<group>";
		};
		6EF9E02E29CC4550008353D8 /* CarazUITests */ = {
			isa = PBXGroup;
			children = (
				6EF9E02F29CC4550008353D8 /* CarazUITests.swift */,
				6EF9E03129CC4550008353D8 /* CarazUITestsLaunchTests.swift */,
			);
			path = CarazUITests;
			sourceTree = "<group>";
		};
		6EF9E04029CC5A32008353D8 /* Map */ = {
			isa = PBXGroup;
			children = (
				6EA6D1A729CF9E9500E15C6A /* MapViewController.swift */,
			);
			path = Map;
			sourceTree = "<group>";
		};
		6EF9E04229CDB2C2008353D8 /* Garage */ = {
			isa = PBXGroup;
			children = (
				6EF9E04329CDB2E4008353D8 /* GarageView.swift */,
				6EF9E03E29CC45EF008353D8 /* GarageViewController.swift */,
			);
			path = Garage;
			sourceTree = "<group>";
		};
		6EF9E04529CDB7FE008353D8 /* Core */ = {
			isa = PBXGroup;
			children = (
				6E5BA29929CF7AFC00539249 /* CoreData */,
				6EF9E04829CDBFAD008353D8 /* Model */,
				6E340F0329CDE87200C4E00B /* Network */,
				6E340F1229CDEC9C00C4E00B /* Service */,
				6EA6D1A529CF8FC500E15C6A /* SegueIdentifier.swift */,
				6EF9E04629CDB813008353D8 /* Texts.swift */,
				6E340F1029CDEAE700C4E00B /* ErrorType.swift */,
				6EEE4F6229CEF55B004A072C /* city-list-FR.json */,
			);
			path = Core;
			sourceTree = "<group>";
		};
		6EF9E04829CDBFAD008353D8 /* Model */ = {
			isa = PBXGroup;
			children = (
				6EF9E04929CDBFC0008353D8 /* CarUI.swift */,
				6E340F0E29CDE9A900C4E00B /* WeatherStructure.swift */,
				6EEE4F5E29CE4E69004A072C /* WeatherListId.swift */,
			);
			path = Model;
			sourceTree = "<group>";
		};
/* End PBXGroup section */

/* Begin PBXNativeTarget section */
		6EF9E00729CC4548008353D8 /* Caraz */ = {
			isa = PBXNativeTarget;
			buildConfigurationList = 6EF9E03529CC4550008353D8 /* Build configuration list for PBXNativeTarget "Caraz" */;
			buildPhases = (
				6EF9E00429CC4548008353D8 /* Sources */,
				6EF9E00529CC4548008353D8 /* Frameworks */,
				6EF9E00629CC4548008353D8 /* Resources */,
			);
			buildRules = (
			);
			dependencies = (
			);
			name = Caraz;
			productName = Caraz;
			productReference = 6EF9E00829CC4548008353D8 /* Caraz.app */;
			productType = "com.apple.product-type.application";
		};
		6EF9E02029CC4550008353D8 /* CarazTests */ = {
			isa = PBXNativeTarget;
			buildConfigurationList = 6EF9E03829CC4550008353D8 /* Build configuration list for PBXNativeTarget "CarazTests" */;
			buildPhases = (
				6EF9E01D29CC4550008353D8 /* Sources */,
				6EF9E01E29CC4550008353D8 /* Frameworks */,
				6EF9E01F29CC4550008353D8 /* Resources */,
			);
			buildRules = (
			);
			dependencies = (
				6EF9E02329CC4550008353D8 /* PBXTargetDependency */,
			);
			name = CarazTests;
			productName = CarazTests;
			productReference = 6EF9E02129CC4550008353D8 /* CarazTests.xctest */;
			productType = "com.apple.product-type.bundle.unit-test";
		};
		6EF9E02A29CC4550008353D8 /* CarazUITests */ = {
			isa = PBXNativeTarget;
			buildConfigurationList = 6EF9E03B29CC4550008353D8 /* Build configuration list for PBXNativeTarget "CarazUITests" */;
			buildPhases = (
				6EF9E02729CC4550008353D8 /* Sources */,
				6EF9E02829CC4550008353D8 /* Frameworks */,
				6EF9E02929CC4550008353D8 /* Resources */,
			);
			buildRules = (
			);
			dependencies = (
				6EF9E02D29CC4550008353D8 /* PBXTargetDependency */,
			);
			name = CarazUITests;
			productName = CarazUITests;
			productReference = 6EF9E02B29CC4550008353D8 /* CarazUITests.xctest */;
			productType = "com.apple.product-type.bundle.ui-testing";
		};
/* End PBXNativeTarget section */

/* Begin PBXProject section */
		6EF9E00029CC4548008353D8 /* Project object */ = {
			isa = PBXProject;
			attributes = {
				BuildIndependentTargetsInParallel = 1;
				LastSwiftUpdateCheck = 1420;
				LastUpgradeCheck = 1420;
				TargetAttributes = {
					6EF9E00729CC4548008353D8 = {
						CreatedOnToolsVersion = 14.2;
					};
					6EF9E02029CC4550008353D8 = {
						CreatedOnToolsVersion = 14.2;
						TestTargetID = 6EF9E00729CC4548008353D8;
					};
					6EF9E02A29CC4550008353D8 = {
						CreatedOnToolsVersion = 14.2;
						TestTargetID = 6EF9E00729CC4548008353D8;
					};
				};
			};
			buildConfigurationList = 6EF9E00329CC4548008353D8 /* Build configuration list for PBXProject "Caraz" */;
			compatibilityVersion = "Xcode 14.0";
			developmentRegion = en;
			hasScannedForEncodings = 0;
			knownRegions = (
				en,
				Base,
			);
			mainGroup = 6EF9DFFF29CC4548008353D8;
			productRefGroup = 6EF9E00929CC4548008353D8 /* Products */;
			projectDirPath = "";
			projectRoot = "";
			targets = (
				6EF9E00729CC4548008353D8 /* Caraz */,
				6EF9E02029CC4550008353D8 /* CarazTests */,
				6EF9E02A29CC4550008353D8 /* CarazUITests */,
			);
		};
/* End PBXProject section */

/* Begin PBXResourcesBuildPhase section */
		6EF9E00629CC4548008353D8 /* Resources */ = {
			isa = PBXResourcesBuildPhase;
			buildActionMask = 2147483647;
			files = (
				6EF9E01B29CC454F008353D8 /* LaunchScreen.storyboard in Resources */,
				6EEE4F6329CEF55B004A072C /* city-list-FR.json in Resources */,
				6EF9E01829CC454F008353D8 /* Assets.xcassets in Resources */,
				6EF9E01329CC4548008353D8 /* Main.storyboard in Resources */,
			);
			runOnlyForDeploymentPostprocessing = 0;
		};
		6EF9E01F29CC4550008353D8 /* Resources */ = {
			isa = PBXResourcesBuildPhase;
			buildActionMask = 2147483647;
			files = (
			);
			runOnlyForDeploymentPostprocessing = 0;
		};
		6EF9E02929CC4550008353D8 /* Resources */ = {
			isa = PBXResourcesBuildPhase;
			buildActionMask = 2147483647;
			files = (
			);
			runOnlyForDeploymentPostprocessing = 0;
		};
/* End PBXResourcesBuildPhase section */

/* Begin PBXSourcesBuildPhase section */
		6EF9E00429CC4548008353D8 /* Sources */ = {
			isa = PBXSourcesBuildPhase;
			buildActionMask = 2147483647;
			files = (
				6E5BA29D29CF7B8A00539249 /* CarazCoreDataManager.swift in Sources */,
				6E340F0D29CDE94B00C4E00B /* WeatherServiceProtocol.swift in Sources */,
				6E340F0529CDE88F00C4E00B /* Network.swift in Sources */,
				6EF9E04729CDB813008353D8 /* Texts.swift in Sources */,
				6E340F0229CDE4AD00C4E00B /* WeatherViewController.swift in Sources */,
				6EF9E04429CDB2E4008353D8 /* GarageView.swift in Sources */,
				6EF9E00C29CC4548008353D8 /* AppDelegate.swift in Sources */,
				6E340F1129CDEAE700C4E00B /* ErrorType.swift in Sources */,
				6EF9E00E29CC4548008353D8 /* SceneDelegate.swift in Sources */,
				6E5BA29B29CF7B2C00539249 /* CoreDataStack.swift in Sources */,
				6EA6D1A629CF8FC500E15C6A /* SegueIdentifier.swift in Sources */,
				6EA6D1A829CF9E9500E15C6A /* MapViewController.swift in Sources */,
				6E340F0929CDE8DF00C4E00B /* RouterProtocol.swift in Sources */,
				6EEE4F5F29CE4E69004A072C /* WeatherListId.swift in Sources */,
				6EF9E01629CC4548008353D8 /* Caraz.xcdatamodeld in Sources */,
				6EF9E03F29CC45EF008353D8 /* GarageViewController.swift in Sources */,
				6E340F0F29CDE9A900C4E00B /* WeatherStructure.swift in Sources */,
				6E340F0729CDE8BA00C4E00B /* NetworkProtocol.swift in Sources */,
				6E340F0B29CDE91700C4E00B /* WeatherRouter.swift in Sources */,
				6E340F1429CDECBA00C4E00B /* WeatherService.swift in Sources */,
				6EF9E04A29CDBFC0008353D8 /* CarUI.swift in Sources */,
				6E340F0029CDE49800C4E00B /* WeatherView.swift in Sources */,
			);
			runOnlyForDeploymentPostprocessing = 0;
		};
		6EF9E01D29CC4550008353D8 /* Sources */ = {
			isa = PBXSourcesBuildPhase;
			buildActionMask = 2147483647;
			files = (
				6EF9E02629CC4550008353D8 /* CarazTests.swift in Sources */,
			);
			runOnlyForDeploymentPostprocessing = 0;
		};
		6EF9E02729CC4550008353D8 /* Sources */ = {
			isa = PBXSourcesBuildPhase;
			buildActionMask = 2147483647;
			files = (
				6EF9E03229CC4550008353D8 /* CarazUITestsLaunchTests.swift in Sources */,
				6EF9E03029CC4550008353D8 /* CarazUITests.swift in Sources */,
			);
			runOnlyForDeploymentPostprocessing = 0;
		};
/* End PBXSourcesBuildPhase section */

/* Begin PBXTargetDependency section */
		6EF9E02329CC4550008353D8 /* PBXTargetDependency */ = {
			isa = PBXTargetDependency;
			target = 6EF9E00729CC4548008353D8 /* Caraz */;
			targetProxy = 6EF9E02229CC4550008353D8 /* PBXContainerItemProxy */;
		};
		6EF9E02D29CC4550008353D8 /* PBXTargetDependency */ = {
			isa = PBXTargetDependency;
			target = 6EF9E00729CC4548008353D8 /* Caraz */;
			targetProxy = 6EF9E02C29CC4550008353D8 /* PBXContainerItemProxy */;
		};
/* End PBXTargetDependency section */

/* Begin PBXVariantGroup section */
		6EF9E01129CC4548008353D8 /* Main.storyboard */ = {
			isa = PBXVariantGroup;
			children = (
				6EF9E01229CC4548008353D8 /* Base */,
			);
			name = Main.storyboard;
			sourceTree = "<group>";
		};
		6EF9E01929CC454F008353D8 /* LaunchScreen.storyboard */ = {
			isa = PBXVariantGroup;
			children = (
				6EF9E01A29CC454F008353D8 /* Base */,
			);
			name = LaunchScreen.storyboard;
			sourceTree = "<group>";
		};
/* End PBXVariantGroup section */

/* Begin XCBuildConfiguration section */
		6EF9E03329CC4550008353D8 /* Debug */ = {
			isa = XCBuildConfiguration;
			buildSettings = {
				ALWAYS_SEARCH_USER_PATHS = NO;
				CLANG_ANALYZER_NONNULL = YES;
				CLANG_ANALYZER_NUMBER_OBJECT_CONVERSION = YES_AGGRESSIVE;
				CLANG_CXX_LANGUAGE_STANDARD = "gnu++20";
				CLANG_ENABLE_MODULES = YES;
				CLANG_ENABLE_OBJC_ARC = YES;
				CLANG_ENABLE_OBJC_WEAK = YES;
				CLANG_WARN_BLOCK_CAPTURE_AUTORELEASING = YES;
				CLANG_WARN_BOOL_CONVERSION = YES;
				CLANG_WARN_COMMA = YES;
				CLANG_WARN_CONSTANT_CONVERSION = YES;
				CLANG_WARN_DEPRECATED_OBJC_IMPLEMENTATIONS = YES;
				CLANG_WARN_DIRECT_OBJC_ISA_USAGE = YES_ERROR;
				CLANG_WARN_DOCUMENTATION_COMMENTS = YES;
				CLANG_WARN_EMPTY_BODY = YES;
				CLANG_WARN_ENUM_CONVERSION = YES;
				CLANG_WARN_INFINITE_RECURSION = YES;
				CLANG_WARN_INT_CONVERSION = YES;
				CLANG_WARN_NON_LITERAL_NULL_CONVERSION = YES;
				CLANG_WARN_OBJC_IMPLICIT_RETAIN_SELF = YES;
				CLANG_WARN_OBJC_LITERAL_CONVERSION = YES;
				CLANG_WARN_OBJC_ROOT_CLASS = YES_ERROR;
				CLANG_WARN_QUOTED_INCLUDE_IN_FRAMEWORK_HEADER = YES;
				CLANG_WARN_RANGE_LOOP_ANALYSIS = YES;
				CLANG_WARN_STRICT_PROTOTYPES = YES;
				CLANG_WARN_SUSPICIOUS_MOVE = YES;
				CLANG_WARN_UNGUARDED_AVAILABILITY = YES_AGGRESSIVE;
				CLANG_WARN_UNREACHABLE_CODE = YES;
				CLANG_WARN__DUPLICATE_METHOD_MATCH = YES;
				COPY_PHASE_STRIP = NO;
				DEBUG_INFORMATION_FORMAT = dwarf;
				ENABLE_STRICT_OBJC_MSGSEND = YES;
				ENABLE_TESTABILITY = YES;
				GCC_C_LANGUAGE_STANDARD = gnu11;
				GCC_DYNAMIC_NO_PIC = NO;
				GCC_NO_COMMON_BLOCKS = YES;
				GCC_OPTIMIZATION_LEVEL = 0;
				GCC_PREPROCESSOR_DEFINITIONS = (
					"DEBUG=1",
					"$(inherited)",
				);
				GCC_WARN_64_TO_32_BIT_CONVERSION = YES;
				GCC_WARN_ABOUT_RETURN_TYPE = YES_ERROR;
				GCC_WARN_UNDECLARED_SELECTOR = YES;
				GCC_WARN_UNINITIALIZED_AUTOS = YES_AGGRESSIVE;
				GCC_WARN_UNUSED_FUNCTION = YES;
				GCC_WARN_UNUSED_VARIABLE = YES;
				IPHONEOS_DEPLOYMENT_TARGET = 16.2;
				MTL_ENABLE_DEBUG_INFO = INCLUDE_SOURCE;
				MTL_FAST_MATH = YES;
				ONLY_ACTIVE_ARCH = YES;
				SDKROOT = iphoneos;
				SWIFT_ACTIVE_COMPILATION_CONDITIONS = DEBUG;
				SWIFT_OPTIMIZATION_LEVEL = "-Onone";
			};
			name = Debug;
		};
		6EF9E03429CC4550008353D8 /* Release */ = {
			isa = XCBuildConfiguration;
			buildSettings = {
				ALWAYS_SEARCH_USER_PATHS = NO;
				CLANG_ANALYZER_NONNULL = YES;
				CLANG_ANALYZER_NUMBER_OBJECT_CONVERSION = YES_AGGRESSIVE;
				CLANG_CXX_LANGUAGE_STANDARD = "gnu++20";
				CLANG_ENABLE_MODULES = YES;
				CLANG_ENABLE_OBJC_ARC = YES;
				CLANG_ENABLE_OBJC_WEAK = YES;
				CLANG_WARN_BLOCK_CAPTURE_AUTORELEASING = YES;
				CLANG_WARN_BOOL_CONVERSION = YES;
				CLANG_WARN_COMMA = YES;
				CLANG_WARN_CONSTANT_CONVERSION = YES;
				CLANG_WARN_DEPRECATED_OBJC_IMPLEMENTATIONS = YES;
				CLANG_WARN_DIRECT_OBJC_ISA_USAGE = YES_ERROR;
				CLANG_WARN_DOCUMENTATION_COMMENTS = YES;
				CLANG_WARN_EMPTY_BODY = YES;
				CLANG_WARN_ENUM_CONVERSION = YES;
				CLANG_WARN_INFINITE_RECURSION = YES;
				CLANG_WARN_INT_CONVERSION = YES;
				CLANG_WARN_NON_LITERAL_NULL_CONVERSION = YES;
				CLANG_WARN_OBJC_IMPLICIT_RETAIN_SELF = YES;
				CLANG_WARN_OBJC_LITERAL_CONVERSION = YES;
				CLANG_WARN_OBJC_ROOT_CLASS = YES_ERROR;
				CLANG_WARN_QUOTED_INCLUDE_IN_FRAMEWORK_HEADER = YES;
				CLANG_WARN_RANGE_LOOP_ANALYSIS = YES;
				CLANG_WARN_STRICT_PROTOTYPES = YES;
				CLANG_WARN_SUSPICIOUS_MOVE = YES;
				CLANG_WARN_UNGUARDED_AVAILABILITY = YES_AGGRESSIVE;
				CLANG_WARN_UNREACHABLE_CODE = YES;
				CLANG_WARN__DUPLICATE_METHOD_MATCH = YES;
				COPY_PHASE_STRIP = NO;
				DEBUG_INFORMATION_FORMAT = "dwarf-with-dsym";
				ENABLE_NS_ASSERTIONS = NO;
				ENABLE_STRICT_OBJC_MSGSEND = YES;
				GCC_C_LANGUAGE_STANDARD = gnu11;
				GCC_NO_COMMON_BLOCKS = YES;
				GCC_WARN_64_TO_32_BIT_CONVERSION = YES;
				GCC_WARN_ABOUT_RETURN_TYPE = YES_ERROR;
				GCC_WARN_UNDECLARED_SELECTOR = YES;
				GCC_WARN_UNINITIALIZED_AUTOS = YES_AGGRESSIVE;
				GCC_WARN_UNUSED_FUNCTION = YES;
				GCC_WARN_UNUSED_VARIABLE = YES;
				IPHONEOS_DEPLOYMENT_TARGET = 16.2;
				MTL_ENABLE_DEBUG_INFO = NO;
				MTL_FAST_MATH = YES;
				SDKROOT = iphoneos;
				SWIFT_COMPILATION_MODE = wholemodule;
				SWIFT_OPTIMIZATION_LEVEL = "-O";
				VALIDATE_PRODUCT = YES;
			};
			name = Release;
		};
		6EF9E03629CC4550008353D8 /* Debug */ = {
			isa = XCBuildConfiguration;
			buildSettings = {
				ASSETCATALOG_COMPILER_APPICON_NAME = AppIcon;
				ASSETCATALOG_COMPILER_GLOBAL_ACCENT_COLOR_NAME = AccentColor;
				CODE_SIGN_STYLE = Automatic;
				CURRENT_PROJECT_VERSION = 1;
				DEVELOPMENT_TEAM = 7MYTN58B65;
				GENERATE_INFOPLIST_FILE = YES;
				INFOPLIST_FILE = Caraz/Info.plist;
				INFOPLIST_KEY_LSApplicationCategoryType = "";
				INFOPLIST_KEY_UIApplicationSupportsIndirectInputEvents = YES;
				INFOPLIST_KEY_UILaunchStoryboardName = LaunchScreen;
				INFOPLIST_KEY_UIMainStoryboardFile = Main;
				INFOPLIST_KEY_UISupportedInterfaceOrientations_iPad = "UIInterfaceOrientationPortrait UIInterfaceOrientationPortraitUpsideDown UIInterfaceOrientationLandscapeLeft UIInterfaceOrientationLandscapeRight";
				INFOPLIST_KEY_UISupportedInterfaceOrientations_iPhone = "UIInterfaceOrientationPortrait UIInterfaceOrientationLandscapeLeft UIInterfaceOrientationLandscapeRight";
				LD_RUNPATH_SEARCH_PATHS = (
					"$(inherited)",
					"@executable_path/Frameworks",
				);
				MARKETING_VERSION = 1.0;
				PRODUCT_BUNDLE_IDENTIFIER = com.honoreadeline.Caraz;
				PRODUCT_NAME = "$(TARGET_NAME)";
				SWIFT_EMIT_LOC_STRINGS = YES;
				SWIFT_VERSION = 5.0;
				TARGETED_DEVICE_FAMILY = "1,2";
			};
			name = Debug;
		};
		6EF9E03729CC4550008353D8 /* Release */ = {
			isa = XCBuildConfiguration;
			buildSettings = {
				ASSETCATALOG_COMPILER_APPICON_NAME = AppIcon;
				ASSETCATALOG_COMPILER_GLOBAL_ACCENT_COLOR_NAME = AccentColor;
				CODE_SIGN_STYLE = Automatic;
				CURRENT_PROJECT_VERSION = 1;
				DEVELOPMENT_TEAM = 7MYTN58B65;
				GENERATE_INFOPLIST_FILE = YES;
				INFOPLIST_FILE = Caraz/Info.plist;
				INFOPLIST_KEY_LSApplicationCategoryType = "";
				INFOPLIST_KEY_UIApplicationSupportsIndirectInputEvents = YES;
				INFOPLIST_KEY_UILaunchStoryboardName = LaunchScreen;
				INFOPLIST_KEY_UIMainStoryboardFile = Main;
				INFOPLIST_KEY_UISupportedInterfaceOrientations_iPad = "UIInterfaceOrientationPortrait UIInterfaceOrientationPortraitUpsideDown UIInterfaceOrientationLandscapeLeft UIInterfaceOrientationLandscapeRight";
				INFOPLIST_KEY_UISupportedInterfaceOrientations_iPhone = "UIInterfaceOrientationPortrait UIInterfaceOrientationLandscapeLeft UIInterfaceOrientationLandscapeRight";
				LD_RUNPATH_SEARCH_PATHS = (
					"$(inherited)",
					"@executable_path/Frameworks",
				);
				MARKETING_VERSION = 1.0;
				PRODUCT_BUNDLE_IDENTIFIER = com.honoreadeline.Caraz;
				PRODUCT_NAME = "$(TARGET_NAME)";
				SWIFT_EMIT_LOC_STRINGS = YES;
				SWIFT_VERSION = 5.0;
				TARGETED_DEVICE_FAMILY = "1,2";
			};
			name = Release;
		};
		6EF9E03929CC4550008353D8 /* Debug */ = {
			isa = XCBuildConfiguration;
			buildSettings = {
				ALWAYS_EMBED_SWIFT_STANDARD_LIBRARIES = YES;
				BUNDLE_LOADER = "$(TEST_HOST)";
				CODE_SIGN_STYLE = Automatic;
				CURRENT_PROJECT_VERSION = 1;
				DEVELOPMENT_TEAM = 7MYTN58B65;
				GENERATE_INFOPLIST_FILE = YES;
				IPHONEOS_DEPLOYMENT_TARGET = 16.2;
				MARKETING_VERSION = 1.0;
				PRODUCT_BUNDLE_IDENTIFIER = com.honoreadeline.CarazTests;
				PRODUCT_NAME = "$(TARGET_NAME)";
				SWIFT_EMIT_LOC_STRINGS = NO;
				SWIFT_VERSION = 5.0;
				TARGETED_DEVICE_FAMILY = "1,2";
				TEST_HOST = "$(BUILT_PRODUCTS_DIR)/Caraz.app/$(BUNDLE_EXECUTABLE_FOLDER_PATH)/Caraz";
			};
			name = Debug;
		};
		6EF9E03A29CC4550008353D8 /* Release */ = {
			isa = XCBuildConfiguration;
			buildSettings = {
				ALWAYS_EMBED_SWIFT_STANDARD_LIBRARIES = YES;
				BUNDLE_LOADER = "$(TEST_HOST)";
				CODE_SIGN_STYLE = Automatic;
				CURRENT_PROJECT_VERSION = 1;
				DEVELOPMENT_TEAM = 7MYTN58B65;
				GENERATE_INFOPLIST_FILE = YES;
				IPHONEOS_DEPLOYMENT_TARGET = 16.2;
				MARKETING_VERSION = 1.0;
				PRODUCT_BUNDLE_IDENTIFIER = com.honoreadeline.CarazTests;
				PRODUCT_NAME = "$(TARGET_NAME)";
				SWIFT_EMIT_LOC_STRINGS = NO;
				SWIFT_VERSION = 5.0;
				TARGETED_DEVICE_FAMILY = "1,2";
				TEST_HOST = "$(BUILT_PRODUCTS_DIR)/Caraz.app/$(BUNDLE_EXECUTABLE_FOLDER_PATH)/Caraz";
			};
			name = Release;
		};
		6EF9E03C29CC4550008353D8 /* Debug */ = {
			isa = XCBuildConfiguration;
			buildSettings = {
				ALWAYS_EMBED_SWIFT_STANDARD_LIBRARIES = YES;
				CODE_SIGN_STYLE = Automatic;
				CURRENT_PROJECT_VERSION = 1;
				DEVELOPMENT_TEAM = 7MYTN58B65;
				GENERATE_INFOPLIST_FILE = YES;
				MARKETING_VERSION = 1.0;
				PRODUCT_BUNDLE_IDENTIFIER = com.honoreadeline.CarazUITests;
				PRODUCT_NAME = "$(TARGET_NAME)";
				SWIFT_EMIT_LOC_STRINGS = NO;
				SWIFT_VERSION = 5.0;
				TARGETED_DEVICE_FAMILY = "1,2";
				TEST_TARGET_NAME = Caraz;
			};
			name = Debug;
		};
		6EF9E03D29CC4550008353D8 /* Release */ = {
			isa = XCBuildConfiguration;
			buildSettings = {
				ALWAYS_EMBED_SWIFT_STANDARD_LIBRARIES = YES;
				CODE_SIGN_STYLE = Automatic;
				CURRENT_PROJECT_VERSION = 1;
				DEVELOPMENT_TEAM = 7MYTN58B65;
				GENERATE_INFOPLIST_FILE = YES;
				MARKETING_VERSION = 1.0;
				PRODUCT_BUNDLE_IDENTIFIER = com.honoreadeline.CarazUITests;
				PRODUCT_NAME = "$(TARGET_NAME)";
				SWIFT_EMIT_LOC_STRINGS = NO;
				SWIFT_VERSION = 5.0;
				TARGETED_DEVICE_FAMILY = "1,2";
				TEST_TARGET_NAME = Caraz;
			};
			name = Release;
		};
/* End XCBuildConfiguration section */

/* Begin XCConfigurationList section */
		6EF9E00329CC4548008353D8 /* Build configuration list for PBXProject "Caraz" */ = {
			isa = XCConfigurationList;
			buildConfigurations = (
				6EF9E03329CC4550008353D8 /* Debug */,
				6EF9E03429CC4550008353D8 /* Release */,
			);
			defaultConfigurationIsVisible = 0;
			defaultConfigurationName = Release;
		};
		6EF9E03529CC4550008353D8 /* Build configuration list for PBXNativeTarget "Caraz" */ = {
			isa = XCConfigurationList;
			buildConfigurations = (
				6EF9E03629CC4550008353D8 /* Debug */,
				6EF9E03729CC4550008353D8 /* Release */,
			);
			defaultConfigurationIsVisible = 0;
			defaultConfigurationName = Release;
		};
		6EF9E03829CC4550008353D8 /* Build configuration list for PBXNativeTarget "CarazTests" */ = {
			isa = XCConfigurationList;
			buildConfigurations = (
				6EF9E03929CC4550008353D8 /* Debug */,
				6EF9E03A29CC4550008353D8 /* Release */,
			);
			defaultConfigurationIsVisible = 0;
			defaultConfigurationName = Release;
		};
		6EF9E03B29CC4550008353D8 /* Build configuration list for PBXNativeTarget "CarazUITests" */ = {
			isa = XCConfigurationList;
			buildConfigurations = (
				6EF9E03C29CC4550008353D8 /* Debug */,
				6EF9E03D29CC4550008353D8 /* Release */,
			);
			defaultConfigurationIsVisible = 0;
			defaultConfigurationName = Release;
		};
/* End XCConfigurationList section */

/* Begin XCVersionGroup section */
		6EF9E01429CC4548008353D8 /* Caraz.xcdatamodeld */ = {
			isa = XCVersionGroup;
			children = (
				6EF9E01529CC4548008353D8 /* Caraz.xcdatamodel */,
			);
			currentVersion = 6EF9E01529CC4548008353D8 /* Caraz.xcdatamodel */;
			path = Caraz.xcdatamodeld;
			sourceTree = "<group>";
			versionGroupType = wrapper.xcdatamodel;
		};
/* End XCVersionGroup section */
	};
	rootObject = 6EF9E00029CC4548008353D8 /* Project object */;
}
